
Microsoft Visual Studio Solution File, Format Version 12.00
# Visual Studio Version 17
VisualStudioVersion = 17.14.36414.22
MinimumVisualStudioVersion = 10.0.40219.1
Project("{FAE04EC0-301F-11D3-BF4B-00C04F79EFBC}") = "GioiThieu", "GioiThieu\GioiThieu.csproj", "{C1A25E9E-F813-431F-A3C5-BF27EEEFCCA1}"
EndProject
Project("{FAE04EC0-301F-11D3-BF4B-00C04F79EFBC}") = "ControlCoBan2", "ControlCoBan2\ControlCoBan2.csproj", "{2CF9D4FE-FA26-4188-92DA-3E60F4AAF806}"
EndProject
Project("{FAE04EC0-301F-11D3-BF4B-00C04F79EFBC}") = "MenuVaDialog", "MenuVaDialog\MenuVaDialog.csproj", "{157A02F4-0681-43B0-8E59-D1415945AE47}"
EndProject
Global
	GlobalSection(SolutionConfigurationPlatforms) = preSolution
		Debug|Any CPU = Debug|Any CPU
		Release|Any CPU = Release|Any CPU
	EndGlobalSection
	GlobalSection(ProjectConfigurationPlatforms) = postSolution
		{C1A25E9E-F813-431F-A3C5-BF27EEEFCCA1}.Debug|Any CPU.ActiveCfg = Debug|Any CPU
		{C1A25E9E-F813-431F-A3C5-BF27EEEFCCA1}.Debug|Any CPU.Build.0 = Debug|Any CPU
		{C1A25E9E-F813-431F-A3C5-BF27EEEFCCA1}.Release|Any CPU.ActiveCfg = Release|Any CPU
		{C1A25E9E-F813-431F-A3C5-BF27EEEFCCA1}.Release|Any CPU.Build.0 = Release|Any CPU
		{2CF9D4FE-FA26-4188-92DA-3E60F4AAF806}.Debug|Any CPU.ActiveCfg = Debug|Any CPU
		{2CF9D4FE-FA26-4188-92DA-3E60F4AAF806}.Debug|Any CPU.Build.0 = Debug|Any CPU
		{2CF9D4FE-FA26-4188-92DA-3E60F4AAF806}.Release|Any CPU.ActiveCfg = Release|Any CPU
		{2CF9D4FE-FA26-4188-92DA-3E60F4AAF806}.Release|Any CPU.Build.0 = Release|Any CPU
		{157A02F4-0681-43B0-8E59-D1415945AE47}.Debug|Any CPU.ActiveCfg = Debug|Any CPU
		{157A02F4-0681-43B0-8E59-D1415945AE47}.Debug|Any CPU.Build.0 = Debug|Any CPU
		{157A02F4-0681-43B0-8E59-D1415945AE47}.Release|Any CPU.ActiveCfg = Release|Any CPU
		{157A02F4-0681-43B0-8E59-D1415945AE47}.Release|Any CPU.Build.0 = Release|Any CPU
	EndGlobalSection
	GlobalSection(SolutionProperties) = preSolution
		HideSolutionNode = FALSE
	EndGlobalSection
	GlobalSection(ExtensibilityGlobals) = postSolution
		SolutionGuid = {8092902B-3297-40F1-AABD-B2E73A7948BA}
	EndGlobalSection
EndGlobal
